
Microsoft Visual Studio Solution File, Format Version 12.00
# Visual Studio Version 17
VisualStudioVersion = 17.10.34916.146
MinimumVisualStudioVersion = 10.0.40219.1
Project("{FAE04EC0-301F-11D3-BF4B-00C04F79EFBC}") = "VShop.ProductApi", "VShop.ProductApi\VShop.ProductApi.csproj", "{39747C8E-01CC-4EC6-A3DB-909BC942B9ED}"
EndProject
Global
	GlobalSection(SolutionConfigurationPlatforms) = preSolution
		Debug|Any CPU = Debug|Any CPU
		Release|Any CPU = Release|Any CPU
	EndGlobalSection
	GlobalSection(ProjectConfigurationPlatforms) = postSolution
		{39747C8E-01CC-4EC6-A3DB-909BC942B9ED}.Debug|Any CPU.ActiveCfg = Debug|Any CPU
		{39747C8E-01CC-4EC6-A3DB-909BC942B9ED}.Debug|Any CPU.Build.0 = Debug|Any CPU
		{39747C8E-01CC-4EC6-A3DB-909BC942B9ED}.Release|Any CPU.ActiveCfg = Release|Any CPU
		{39747C8E-01CC-4EC6-A3DB-909BC942B9ED}.Release|Any CPU.Build.0 = Release|Any CPU
	EndGlobalSection
	GlobalSection(SolutionProperties) = preSolution
		HideSolutionNode = FALSE
	EndGlobalSection
	GlobalSection(ExtensibilityGlobals) = postSolution
		SolutionGuid = {5CD4672B-2E11-4C82-A720-9DE3FC3827F9}
	EndGlobalSection
EndGlobal
